
Microsoft Visual Studio Solution File, Format Version 12.00
# Visual Studio Version 17
VisualStudioVersion = 17.14.36301.6 d17.14
MinimumVisualStudioVersion = 10.0.40219.1
Project("{FAE04EC0-301F-11D3-BF4B-00C04F79EFBC}") = "word pattern", "word pattern\word pattern.csproj", "{D094E26A-A997-4D71-B4CE-C483C8B8716B}"
EndProject
Global
	GlobalSection(SolutionConfigurationPlatforms) = preSolution
		Debug|Any CPU = Debug|Any CPU
		Release|Any CPU = Release|Any CPU
	EndGlobalSection
	GlobalSection(ProjectConfigurationPlatforms) = postSolution
		{D094E26A-A997-4D71-B4CE-C483C8B8716B}.Debug|Any CPU.ActiveCfg = Debug|Any CPU
		{D094E26A-A997-4D71-B4CE-C483C8B8716B}.Debug|Any CPU.Build.0 = Debug|Any CPU
		{D094E26A-A997-4D71-B4CE-C483C8B8716B}.Release|Any CPU.ActiveCfg = Release|Any CPU
		{D094E26A-A997-4D71-B4CE-C483C8B8716B}.Release|Any CPU.Build.0 = Release|Any CPU
	EndGlobalSection
	GlobalSection(SolutionProperties) = preSolution
		HideSolutionNode = FALSE
	EndGlobalSection
	GlobalSection(ExtensibilityGlobals) = postSolution
		SolutionGuid = {DE2756A3-B231-47E8-9CC2-CBA4C99F5B92}
	EndGlobalSection
EndGlobal
